// !$*UTF8*$!
{
	archiveVersion = 1;
	classes = {
	};
	objectVersion = 46;
	objects = {

/* Begin PBXBuildFile section */
		F228BC1B1B165DA000A34EAD /* main.m in Sources */ = {isa = PBXBuildFile; fileRef = F228BC1A1B165DA000A34EAD /* main.m */; };
		F228BC1E1B165DA000A34EAD /* AppDelegate.m in Sources */ = {isa = PBXBuildFile; fileRef = F228BC1D1B165DA000A34EAD /* AppDelegate.m */; };
		F228BC211B165DA000A34EAD /* MapViewController.m in Sources */ = {isa = PBXBuildFile; fileRef = F228BC201B165DA000A34EAD /* MapViewController.m */; };
		F228BC241B165DA000A34EAD /* Main.storyboard in Resources */ = {isa = PBXBuildFile; fileRef = F228BC221B165DA000A34EAD /* Main.storyboard */; };
		F228BC261B165DA000A34EAD /* Images.xcassets in Resources */ = {isa = PBXBuildFile; fileRef = F228BC251B165DA000A34EAD /* Images.xcassets */; };
		F228BC291B165DA000A34EAD /* LaunchScreen.xib in Resources */ = {isa = PBXBuildFile; fileRef = F228BC271B165DA000A34EAD /* LaunchScreen.xib */; };
		F228BC351B165DA000A34EAD /* GetOnThatBusTests.m in Sources */ = {isa = PBXBuildFile; fileRef = F228BC341B165DA000A34EAD /* GetOnThatBusTests.m */; };
		F228BC3F1B165EBB00A34EAD /* MapKit.framework in Frameworks */ = {isa = PBXBuildFile; fileRef = F228BC3E1B165EBB00A34EAD /* MapKit.framework */; };
		F228BC421B165FBF00A34EAD /* BusStop.m in Sources */ = {isa = PBXBuildFile; fileRef = F228BC411B165FBF00A34EAD /* BusStop.m */; };
		F228BC451B16796A00A34EAD /* BusStopViewController.m in Sources */ = {isa = PBXBuildFile; fileRef = F228BC441B16796A00A34EAD /* BusStopViewController.m */; };
/* End PBXBuildFile section */

/* Begin PBXContainerItemProxy section */
		F228BC2F1B165DA000A34EAD /* PBXContainerItemProxy */ = {
			isa = PBXContainerItemProxy;
			containerPortal = F228BC0D1B165DA000A34EAD /* Project object */;
			proxyType = 1;
			remoteGlobalIDString = F228BC141B165DA000A34EAD;
			remoteInfo = GetOnThatBus;
		};
/* End PBXContainerItemProxy section */

/* Begin PBXFileReference section */
		F228BC151B165DA000A34EAD /* GetOnThatBus.app */ = {isa = PBXFileReference; explicitFileType = wrapper.application; includeInIndex = 0; path = GetOnThatBus.app; sourceTree = BUILT_PRODUCTS_DIR; };
		F228BC191B165DA000A34EAD /* Info.plist */ = {isa = PBXFileReference; lastKnownFileType = text.plist.xml; path = Info.plist; sourceTree = "<group>"; };
		F228BC1A1B165DA000A34EAD /* main.m */ = {isa = PBXFileReference; lastKnownFileType = sourcecode.c.objc; path = main.m; sourceTree = "<group>"; };
		F228BC1C1B165DA000A34EAD /* AppDelegate.h */ = {isa = PBXFileReference; lastKnownFileType = sourcecode.c.h; path = AppDelegate.h; sourceTree = "<group>"; };
		F228BC1D1B165DA000A34EAD /* AppDelegate.m */ = {isa = PBXFileReference; lastKnownFileType = sourcecode.c.objc; path = AppDelegate.m; sourceTree = "<group>"; };
		F228BC1F1B165DA000A34EAD /* MapViewController.h */ = {isa = PBXFileReference; lastKnownFileType = sourcecode.c.h; path = MapViewController.h; sourceTree = "<group>"; };
		F228BC201B165DA000A34EAD /* MapViewController.m */ = {isa = PBXFileReference; lastKnownFileType = sourcecode.c.objc; path = MapViewController.m; sourceTree = "<group>"; };
		F228BC231B165DA000A34EAD /* Base */ = {isa = PBXFileReference; lastKnownFileType = file.storyboard; name = Base; path = Base.lproj/Main.storyboard; sourceTree = "<group>"; };
		F228BC251B165DA000A34EAD /* Images.xcassets */ = {isa = PBXFileReference; lastKnownFileType = folder.assetcatalog; path = Images.xcassets; sourceTree = "<group>"; };
		F228BC281B165DA000A34EAD /* Base */ = {isa = PBXFileReference; lastKnownFileType = file.xib; name = Base; path = Base.lproj/LaunchScreen.xib; sourceTree = "<group>"; };
		F228BC2E1B165DA000A34EAD /* GetOnThatBusTests.xctest */ = {isa = PBXFileReference; explicitFileType = wrapper.cfbundle; includeInIndex = 0; path = GetOnThatBusTests.xctest; sourceTree = BUILT_PRODUCTS_DIR; };
		F228BC331B165DA000A34EAD /* Info.plist */ = {isa = PBXFileReference; lastKnownFileType = text.plist.xml; path = Info.plist; sourceTree = "<group>"; };
		F228BC341B165DA000A34EAD /* GetOnThatBusTests.m */ = {isa = PBXFileReference; lastKnownFileType = sourcecode.c.objc; path = GetOnThatBusTests.m; sourceTree = "<group>"; };
		F228BC3E1B165EBB00A34EAD /* MapKit.framework */ = {isa = PBXFileReference; lastKnownFileType = wrapper.framework; name = MapKit.framework; path = System/Library/Frameworks/MapKit.framework; sourceTree = SDKROOT; };
		F228BC401B165FBF00A34EAD /* BusStop.h */ = {isa = PBXFileReference; fileEncoding = 4; lastKnownFileType = sourcecode.c.h; path = BusStop.h; sourceTree = "<group>"; };
		F228BC411B165FBF00A34EAD /* BusStop.m */ = {isa = PBXFileReference; fileEncoding = 4; lastKnownFileType = sourcecode.c.objc; path = BusStop.m; sourceTree = "<group>"; };
		F228BC431B16796A00A34EAD /* BusStopViewController.h */ = {isa = PBXFileReference; fileEncoding = 4; lastKnownFileType = sourcecode.c.h; path = BusStopViewController.h; sourceTree = "<group>"; };
		F228BC441B16796A00A34EAD /* BusStopViewController.m */ = {isa = PBXFileReference; fileEncoding = 4; lastKnownFileType = sourcecode.c.objc; path = BusStopViewController.m; sourceTree = "<group>"; };
/* End PBXFileReference section */

/* Begin PBXFrameworksBuildPhase section */
		F228BC121B165DA000A34EAD /* Frameworks */ = {
			isa = PBXFrameworksBuildPhase;
			buildActionMask = 2147483647;
			files = (
				F228BC3F1B165EBB00A34EAD /* MapKit.framework in Frameworks */,
			);
			runOnlyForDeploymentPostprocessing = 0;
		};
		F228BC2B1B165DA000A34EAD /* Frameworks */ = {
			isa = PBXFrameworksBuildPhase;
			buildActionMask = 2147483647;
			files = (
			);
			runOnlyForDeploymentPostprocessing = 0;
		};
/* End PBXFrameworksBuildPhase section */

/* Begin PBXGroup section */
		F228BC0C1B165DA000A34EAD = {
			isa = PBXGroup;
			children = (
				F228BC3E1B165EBB00A34EAD /* MapKit.framework */,
				F228BC171B165DA000A34EAD /* GetOnThatBus */,
				F228BC311B165DA000A34EAD /* GetOnThatBusTests */,
				F228BC161B165DA000A34EAD /* Products */,
			);
			sourceTree = "<group>";
		};
		F228BC161B165DA000A34EAD /* Products */ = {
			isa = PBXGroup;
			children = (
				F228BC151B165DA000A34EAD /* GetOnThatBus.app */,
				F228BC2E1B165DA000A34EAD /* GetOnThatBusTests.xctest */,
			);
			name = Products;
			sourceTree = "<group>";
		};
		F228BC171B165DA000A34EAD /* GetOnThatBus */ = {
			isa = PBXGroup;
			children = (
				F228BC1C1B165DA000A34EAD /* AppDelegate.h */,
				F228BC1D1B165DA000A34EAD /* AppDelegate.m */,
				F228BC1F1B165DA000A34EAD /* MapViewController.h */,
				F228BC201B165DA000A34EAD /* MapViewController.m */,
				F228BC401B165FBF00A34EAD /* BusStop.h */,
				F228BC411B165FBF00A34EAD /* BusStop.m */,
				F228BC221B165DA000A34EAD /* Main.storyboard */,
				F228BC431B16796A00A34EAD /* BusStopViewController.h */,
				F228BC441B16796A00A34EAD /* BusStopViewController.m */,
				F228BC251B165DA000A34EAD /* Images.xcassets */,
				F228BC271B165DA000A34EAD /* LaunchScreen.xib */,
				F228BC181B165DA000A34EAD /* Supporting Files */,
			);
			path = GetOnThatBus;
			sourceTree = "<group>";
		};
		F228BC181B165DA000A34EAD /* Supporting Files */ = {
			isa = PBXGroup;
			children = (
				F228BC191B165DA000A34EAD /* Info.plist */,
				F228BC1A1B165DA000A34EAD /* main.m */,
			);
			name = "Supporting Files";
			sourceTree = "<group>";
		};
		F228BC311B165DA000A34EAD /* GetOnThatBusTests */ = {
			isa = PBXGroup;
			children = (
				F228BC341B165DA000A34EAD /* GetOnThatBusTests.m */,
				F228BC321B165DA000A34EAD /* Supporting Files */,
			);
			path = GetOnThatBusTests;
			sourceTree = "<group>";
		};
		F228BC321B165DA000A34EAD /* Supporting Files */ = {
			isa = PBXGroup;
			children = (
				F228BC331B165DA000A34EAD /* Info.plist */,
			);
			name = "Supporting Files";
			sourceTree = "<group>";
		};
/* End PBXGroup section */

/* Begin PBXNativeTarget section */
		F228BC141B165DA000A34EAD /* GetOnThatBus */ = {
			isa = PBXNativeTarget;
			buildConfigurationList = F228BC381B165DA000A34EAD /* Build configuration list for PBXNativeTarget "GetOnThatBus" */;
			buildPhases = (
				F228BC111B165DA000A34EAD /* Sources */,
				F228BC121B165DA000A34EAD /* Frameworks */,
				F228BC131B165DA000A34EAD /* Resources */,
			);
			buildRules = (
			);
			dependencies = (
			);
			name = GetOnThatBus;
			productName = GetOnThatBus;
			productReference = F228BC151B165DA000A34EAD /* GetOnThatBus.app */;
			productType = "com.apple.product-type.application";
		};
		F228BC2D1B165DA000A34EAD /* GetOnThatBusTests */ = {
			isa = PBXNativeTarget;
			buildConfigurationList = F228BC3B1B165DA000A34EAD /* Build configuration list for PBXNativeTarget "GetOnThatBusTests" */;
			buildPhases = (
				F228BC2A1B165DA000A34EAD /* Sources */,
				F228BC2B1B165DA000A34EAD /* Frameworks */,
				F228BC2C1B165DA000A34EAD /* Resources */,
			);
			buildRules = (
			);
			dependencies = (
				F228BC301B165DA000A34EAD /* PBXTargetDependency */,
			);
			name = GetOnThatBusTests;
			productName = GetOnThatBusTests;
			productReference = F228BC2E1B165DA000A34EAD /* GetOnThatBusTests.xctest */;
			productType = "com.apple.product-type.bundle.unit-test";
		};
/* End PBXNativeTarget section */

/* Begin PBXProject section */
		F228BC0D1B165DA000A34EAD /* Project object */ = {
			isa = PBXProject;
			attributes = {
				LastUpgradeCheck = 0630;
				ORGANIZATIONNAME = "Chee Vue";
				TargetAttributes = {
					F228BC141B165DA000A34EAD = {
						CreatedOnToolsVersion = 6.3.1;
					};
					F228BC2D1B165DA000A34EAD = {
						CreatedOnToolsVersion = 6.3.1;
						TestTargetID = F228BC141B165DA000A34EAD;
					};
				};
			};
			buildConfigurationList = F228BC101B165DA000A34EAD /* Build configuration list for PBXProject "GetOnThatBus" */;
			compatibilityVersion = "Xcode 3.2";
			developmentRegion = English;
			hasScannedForEncodings = 0;
			knownRegions = (
				en,
				Base,
			);
			mainGroup = F228BC0C1B165DA000A34EAD;
			productRefGroup = F228BC161B165DA000A34EAD /* Products */;
			projectDirPath = "";
			projectRoot = "";
			targets = (
				F228BC141B165DA000A34EAD /* GetOnThatBus */,
				F228BC2D1B165DA000A34EAD /* GetOnThatBusTests */,
			);
		};
/* End PBXProject section */

/* Begin PBXResourcesBuildPhase section */
		F228BC131B165DA000A34EAD /* Resources */ = {
			isa = PBXResourcesBuildPhase;
			buildActionMask = 2147483647;
			files = (
				F228BC241B165DA000A34EAD /* Main.storyboard in Resources */,
				F228BC291B165DA000A34EAD /* LaunchScreen.xib in Resources */,
				F228BC261B165DA000A34EAD /* Images.xcassets in Resources */,
			);
			runOnlyForDeploymentPostprocessing = 0;
		};
		F228BC2C1B165DA000A34EAD /* Resources */ = {
			isa = PBXResourcesBuildPhase;
			buildActionMask = 2147483647;
			files = (
			);
			runOnlyForDeploymentPostprocessing = 0;
		};
/* End PBXResourcesBuildPhase section */

/* Begin PBXSourcesBuildPhase section */
		F228BC111B165DA000A34EAD /* Sources */ = {
			isa = PBXSourcesBuildPhase;
			buildActionMask = 2147483647;
			files = (
				F228BC421B165FBF00A34EAD /* BusStop.m in Sources */,
				F228BC451B16796A00A34EAD /* BusStopViewController.m in Sources */,
				F228BC211B165DA000A34EAD /* MapViewController.m in Sources */,
				F228BC1E1B165DA000A34EAD /* AppDelegate.m in Sources */,
				F228BC1B1B165DA000A34EAD /* main.m in Sources */,
			);
			runOnlyForDeploymentPostprocessing = 0;
		};
		F228BC2A1B165DA000A34EAD /* Sources */ = {
			isa = PBXSourcesBuildPhase;
			buildActionMask = 2147483647;
			files = (
				F228BC351B165DA000A34EAD /* GetOnThatBusTests.m in Sources */,
			);
			runOnlyForDeploymentPostprocessing = 0;
		};
/* End PBXSourcesBuildPhase section */

/* Begin PBXTargetDependency section */
		F228BC301B165DA000A34EAD /* PBXTargetDependency */ = {
			isa = PBXTargetDependency;
			target = F228BC141B165DA000A34EAD /* GetOnThatBus */;
			targetProxy = F228BC2F1B165DA000A34EAD /* PBXContainerItemProxy */;
		};
/* End PBXTargetDependency section */

/* Begin PBXVariantGroup section */
		F228BC221B165DA000A34EAD /* Main.storyboard */ = {
			isa = PBXVariantGroup;
			children = (
				F228BC231B165DA000A34EAD /* Base */,
			);
			name = Main.storyboard;
			sourceTree = "<group>";
		};
		F228BC271B165DA000A34EAD /* LaunchScreen.xib */ = {
			isa = PBXVariantGroup;
			children = (
				F228BC281B165DA000A34EAD /* Base */,
			);
			name = LaunchScreen.xib;
			sourceTree = "<group>";
		};
/* End PBXVariantGroup section */

/* Begin XCBuildConfiguration section */
		F228BC361B165DA000A34EAD /* Debug */ = {
			isa = XCBuildConfiguration;
			buildSettings = {
				ALWAYS_SEARCH_USER_PATHS = NO;
				CLANG_CXX_LANGUAGE_STANDARD = "gnu++0x";
				CLANG_CXX_LIBRARY = "libc++";
				CLANG_ENABLE_MODULES = YES;
				CLANG_ENABLE_OBJC_ARC = YES;
				CLANG_WARN_BOOL_CONVERSION = YES;
				CLANG_WARN_CONSTANT_CONVERSION = YES;
				CLANG_WARN_DIRECT_OBJC_ISA_USAGE = YES_ERROR;
				CLANG_WARN_EMPTY_BODY = YES;
				CLANG_WARN_ENUM_CONVERSION = YES;
				CLANG_WARN_INT_CONVERSION = YES;
				CLANG_WARN_OBJC_ROOT_CLASS = YES_ERROR;
				CLANG_WARN_UNREACHABLE_CODE = YES;
				CLANG_WARN__DUPLICATE_METHOD_MATCH = YES;
				"CODE_SIGN_IDENTITY[sdk=iphoneos*]" = "iPhone Developer";
				COPY_PHASE_STRIP = NO;
				DEBUG_INFORMATION_FORMAT = "dwarf-with-dsym";
				ENABLE_STRICT_OBJC_MSGSEND = YES;
				GCC_C_LANGUAGE_STANDARD = gnu99;
				GCC_DYNAMIC_NO_PIC = NO;
				GCC_NO_COMMON_BLOCKS = YES;
				GCC_OPTIMIZATION_LEVEL = 0;
				GCC_PREPROCESSOR_DEFINITIONS = (
					"DEBUG=1",
					"$(inherited)",
				);
				GCC_SYMBOLS_PRIVATE_EXTERN = NO;
				GCC_WARN_64_TO_32_BIT_CONVERSION = YES;
				GCC_WARN_ABOUT_RETURN_TYPE = YES_ERROR;
				GCC_WARN_UNDECLARED_SELECTOR = YES;
				GCC_WARN_UNINITIALIZED_AUTOS = YES_AGGRESSIVE;
				GCC_WARN_UNUSED_FUNCTION = YES;
				GCC_WARN_UNUSED_VARIABLE = YES;
				IPHONEOS_DEPLOYMENT_TARGET = 8.3;
				MTL_ENABLE_DEBUG_INFO = YES;
				ONLY_ACTIVE_ARCH = YES;
				SDKROOT = iphoneos;
			};
			name = Debug;
		};
		F228BC371B165DA000A34EAD /* Release */ = {
			isa = XCBuildConfiguration;
			buildSettings = {
				ALWAYS_SEARCH_USER_PATHS = NO;
				CLANG_CXX_LANGUAGE_STANDARD = "gnu++0x";
				CLANG_CXX_LIBRARY = "libc++";
				CLANG_ENABLE_MODULES = YES;
				CLANG_ENABLE_OBJC_ARC = YES;
				CLANG_WARN_BOOL_CONVERSION = YES;
				CLANG_WARN_CONSTANT_CONVERSION = YES;
				CLANG_WARN_DIRECT_OBJC_ISA_USAGE = YES_ERROR;
				CLANG_WARN_EMPTY_BODY = YES;
				CLANG_WARN_ENUM_CONVERSION = YES;
				CLANG_WARN_INT_CONVERSION = YES;
				CLANG_WARN_OBJC_ROOT_CLASS = YES_ERROR;
				CLANG_WARN_UNREACHABLE_CODE = YES;
				CLANG_WARN__DUPLICATE_METHOD_MATCH = YES;
				"CODE_SIGN_IDENTITY[sdk=iphoneos*]" = "iPhone Developer";
				COPY_PHASE_STRIP = NO;
				DEBUG_INFORMATION_FORMAT = "dwarf-with-dsym";
				ENABLE_NS_ASSERTIONS = NO;
				ENABLE_STRICT_OBJC_MSGSEND = YES;
				GCC_C_LANGUAGE_STANDARD = gnu99;
				GCC_NO_COMMON_BLOCKS = YES;
				GCC_WARN_64_TO_32_BIT_CONVERSION = YES;
				GCC_WARN_ABOUT_RETURN_TYPE = YES_ERROR;
				GCC_WARN_UNDECLARED_SELECTOR = YES;
				GCC_WARN_UNINITIALIZED_AUTOS = YES_AGGRESSIVE;
				GCC_WARN_UNUSED_FUNCTION = YES;
				GCC_WARN_UNUSED_VARIABLE = YES;
				IPHONEOS_DEPLOYMENT_TARGET = 8.3;
				MTL_ENABLE_DEBUG_INFO = NO;
				SDKROOT = iphoneos;
				VALIDATE_PRODUCT = YES;
			};
			name = Release;
		};
		F228BC391B165DA000A34EAD /* Debug */ = {
			isa = XCBuildConfiguration;
			buildSettings = {
				ASSETCATALOG_COMPILER_APPICON_NAME = AppIcon;
				INFOPLIST_FILE = GetOnThatBus/Info.plist;
				LD_RUNPATH_SEARCH_PATHS = "$(inherited) @executable_path/Frameworks";
				PRODUCT_NAME = "$(TARGET_NAME)";
			};
			name = Debug;
		};
		F228BC3A1B165DA000A34EAD /* Release */ = {
			isa = XCBuildConfiguration;
			buildSettings = {
				ASSETCATALOG_COMPILER_APPICON_NAME = AppIcon;
				INFOPLIST_FILE = GetOnThatBus/Info.plist;
				LD_RUNPATH_SEARCH_PATHS = "$(inherited) @executable_path/Frameworks";
				PRODUCT_NAME = "$(TARGET_NAME)";
			};
			name = Release;
		};
		F228BC3C1B165DA000A34EAD /* Debug */ = {
			isa = XCBuildConfiguration;
			buildSettings = {
				BUNDLE_LOADER = "$(TEST_HOST)";
				FRAMEWORK_SEARCH_PATHS = (
					"$(SDKROOT)/Developer/Library/Frameworks",
					"$(inherited)",
				);
				GCC_PREPROCESSOR_DEFINITIONS = (
					"DEBUG=1",
					"$(inherited)",
				);
				INFOPLIST_FILE = GetOnThatBusTests/Info.plist;
				LD_RUNPATH_SEARCH_PATHS = "$(inherited) @executable_path/Frameworks @loader_path/Frameworks";
				PRODUCT_NAME = "$(TARGET_NAME)";
				TEST_HOST = "$(BUILT_PRODUCTS_DIR)/GetOnThatBus.app/GetOnThatBus";
			};
			name = Debug;
		};
		F228BC3D1B165DA000A34EAD /* Release */ = {
			isa = XCBuildConfiguration;
			buildSettings = {
				BUNDLE_LOADER = "$(TEST_HOST)";
				FRAMEWORK_SEARCH_PATHS = (
					"$(SDKROOT)/Developer/Library/Frameworks",
					"$(inherited)",
				);
				INFOPLIST_FILE = GetOnThatBusTests/Info.plist;
				LD_RUNPATH_SEARCH_PATHS = "$(inherited) @executable_path/Frameworks @loader_path/Frameworks";
				PRODUCT_NAME = "$(TARGET_NAME)";
				TEST_HOST = "$(BUILT_PRODUCTS_DIR)/GetOnThatBus.app/GetOnThatBus";
			};
			name = Release;
		};
/* End XCBuildConfiguration section */

/* Begin XCConfigurationList section */
		F228BC101B165DA000A34EAD /* Build configuration list for PBXProject "GetOnThatBus" */ = {
			isa = XCConfigurationList;
			buildConfigurations = (
				F228BC361B165DA000A34EAD /* Debug */,
				F228BC371B165DA000A34EAD /* Release */,
			);
			defaultConfigurationIsVisible = 0;
			defaultConfigurationName = Release;
		};
		F228BC381B165DA000A34EAD /* Build configuration list for PBXNativeTarget "GetOnThatBus" */ = {
			isa = XCConfigurationList;
			buildConfigurations = (
				F228BC391B165DA000A34EAD /* Debug */,
				F228BC3A1B165DA000A34EAD /* Release */,
			);
			defaultConfigurationIsVisible = 0;
		};
		F228BC3B1B165DA000A34EAD /* Build configuration list for PBXNativeTarget "GetOnThatBusTests" */ = {
			isa = XCConfigurationList;
			buildConfigurations = (
				F228BC3C1B165DA000A34EAD /* Debug */,
				F228BC3D1B165DA000A34EAD /* Release */,
			);
			defaultConfigurationIsVisible = 0;
		};
/* End XCConfigurationList section */
	};
	rootObject = F228BC0D1B165DA000A34EAD /* Project object */;
}
